
Microsoft Visual Studio Solution File, Format Version 12.00
# Visual Studio Version 16
VisualStudioVersion = 16.0.31129.286
MinimumVisualStudioVersion = 10.0.40219.1
Project("{8BC9CEB8-8B4A-11D0-8D11-00A0C91BC942}") = "ConsoleApplication1", "ConsoleApplication1\ConsoleApplication1.vcxproj", "{C7EFEE40-3CFF-4542-92B4-369D292D7691}"
EndProject
Global
	GlobalSection(SolutionConfigurationPlatforms) = preSolution
		Debug|x64 = Debug|x64
		Debug|x86 = Debug|x86
		Release|x64 = Release|x64
		Release|x86 = Release|x86
	EndGlobalSection
	GlobalSection(ProjectConfigurationPlatforms) = postSolution
		{C7EFEE40-3CFF-4542-92B4-369D292D7691}.Debug|x64.ActiveCfg = Debug|x64
		{C7EFEE40-3CFF-4542-92B4-369D292D7691}.Debug|x64.Build.0 = Debug|x64
		{C7EFEE40-3CFF-4542-92B4-369D292D7691}.Debug|x86.ActiveCfg = Debug|x64
		{C7EFEE40-3CFF-4542-92B4-369D292D7691}.Debug|x86.Build.0 = Debug|x64
		{C7EFEE40-3CFF-4542-92B4-369D292D7691}.Release|x64.ActiveCfg = Release|x64
		{C7EFEE40-3CFF-4542-92B4-369D292D7691}.Release|x64.Build.0 = Release|x64
		{C7EFEE40-3CFF-4542-92B4-369D292D7691}.Release|x86.ActiveCfg = Release|x64
		{C7EFEE40-3CFF-4542-92B4-369D292D7691}.Release|x86.Build.0 = Release|x64
	EndGlobalSection
	GlobalSection(SolutionProperties) = preSolution
		HideSolutionNode = FALSE
	EndGlobalSection
	GlobalSection(ExtensibilityGlobals) = postSolution
		SolutionGuid = {F7CF961E-B1C4-42BC-8894-8D7D2574265F}
	EndGlobalSection
EndGlobal
